
Microsoft Visual Studio Solution File, Format Version 12.00
# Visual Studio 15
VisualStudioVersion = 15.0.28307.1022
MinimumVisualStudioVersion = 10.0.40219.1
Project("{FAE04EC0-301F-11D3-BF4B-00C04F79EFBC}") = "ControleEstoque", "ControleEstoque\ControleEstoque.csproj", "{F8E1377B-EF8D-4723-B57B-3D9F9DAC8B94}"
EndProject
Global
	GlobalSection(SolutionConfigurationPlatforms) = preSolution
		Debug|Any CPU = Debug|Any CPU
		Release|Any CPU = Release|Any CPU
	EndGlobalSection
	GlobalSection(ProjectConfigurationPlatforms) = postSolution
		{F8E1377B-EF8D-4723-B57B-3D9F9DAC8B94}.Debug|Any CPU.ActiveCfg = Debug|Any CPU
		{F8E1377B-EF8D-4723-B57B-3D9F9DAC8B94}.Debug|Any CPU.Build.0 = Debug|Any CPU
		{F8E1377B-EF8D-4723-B57B-3D9F9DAC8B94}.Release|Any CPU.ActiveCfg = Release|Any CPU
		{F8E1377B-EF8D-4723-B57B-3D9F9DAC8B94}.Release|Any CPU.Build.0 = Release|Any CPU
	EndGlobalSection
	GlobalSection(SolutionProperties) = preSolution
		HideSolutionNode = FALSE
	EndGlobalSection
	GlobalSection(ExtensibilityGlobals) = postSolution
		SolutionGuid = {002A8E32-5B39-4FBC-B7F5-EAB4E002D427}
	EndGlobalSection
EndGlobal
